github.com/johannessarpola/gollections v0.0.0-20241215101325-0ba13f274482 h1:sLdPA+Hy4yNmi8iSh4pBiyy0A88UhO957zwQ9ki6VWM=
github.com/johannessarpola/gollections v0.0.0-20241215101325-0ba13f274482/go.mod h1:v925PehXvPh5ATt2hwcCXD5qI/ykj8XZj4qnROQBTIU=
github.com/johannessarpola/gollections v0.0.0-20241215101554-14ad306d8a1a h1:fJHeIlBkYPtJsRpAlxQ4a20CwFWlKjoq04x+JpPH3Ro=
github.com/johannessarpola/gollections v0.0.0-20241215101554-14ad306d8a1a/go.mod h1:v925PehXvPh5ATt2hwcCXD5qI/ykj8XZj4qnROQBTIU=
